
Microsoft Visual Studio Solution File, Format Version 12.00
# Visual Studio Version 17
VisualStudioVersion = 17.7.34018.315
MinimumVisualStudioVersion = 10.0.40219.1
Project("{FAE04EC0-301F-11D3-BF4B-00C04F79EFBC}") = "OopsConcept", "OopsConcept\OopsConcept.csproj", "{6B29F917-744B-4EFA-9E55-369ED0BADE52}"
EndProject
Project("{FAE04EC0-301F-11D3-BF4B-00C04F79EFBC}") = "Demo", "Demo\Demo.csproj", "{F12735AF-832C-4D51-B05E-47049CCEBF8E}"
EndProject
Global
	GlobalSection(SolutionConfigurationPlatforms) = preSolution
		Debug|Any CPU = Debug|Any CPU
		Release|Any CPU = Release|Any CPU
	EndGlobalSection
	GlobalSection(ProjectConfigurationPlatforms) = postSolution
		{6B29F917-744B-4EFA-9E55-369ED0BADE52}.Debug|Any CPU.ActiveCfg = Debug|Any CPU
		{6B29F917-744B-4EFA-9E55-369ED0BADE52}.Debug|Any CPU.Build.0 = Debug|Any CPU
		{6B29F917-744B-4EFA-9E55-369ED0BADE52}.Release|Any CPU.ActiveCfg = Release|Any CPU
		{6B29F917-744B-4EFA-9E55-369ED0BADE52}.Release|Any CPU.Build.0 = Release|Any CPU
		{F12735AF-832C-4D51-B05E-47049CCEBF8E}.Debug|Any CPU.ActiveCfg = Debug|Any CPU
		{F12735AF-832C-4D51-B05E-47049CCEBF8E}.Debug|Any CPU.Build.0 = Debug|Any CPU
		{F12735AF-832C-4D51-B05E-47049CCEBF8E}.Release|Any CPU.ActiveCfg = Release|Any CPU
		{F12735AF-832C-4D51-B05E-47049CCEBF8E}.Release|Any CPU.Build.0 = Release|Any CPU
	EndGlobalSection
	GlobalSection(SolutionProperties) = preSolution
		HideSolutionNode = FALSE
	EndGlobalSection
	GlobalSection(ExtensibilityGlobals) = postSolution
		SolutionGuid = {3F14EEF7-FA39-4D91-9C08-8069521FF6BD}
	EndGlobalSection
EndGlobal
